
Microsoft Visual Studio Solution File, Format Version 12.00
# Visual Studio Version 17
VisualStudioVersion = 17.5.002.0
MinimumVisualStudioVersion = 10.0.40219.1
Project("{9A19103F-16F7-4668-BE54-9A1E7A4F7556}") = "trakt", "trakt.csproj", "{44617634-C697-47CB-8842-42F6807400F7}"
EndProject
Global
	GlobalSection(SolutionConfigurationPlatforms) = preSolution
		Debug|Any CPU = Debug|Any CPU
		Release|Any CPU = Release|Any CPU
	EndGlobalSection
	GlobalSection(ProjectConfigurationPlatforms) = postSolution
		{44617634-C697-47CB-8842-42F6807400F7}.Debug|Any CPU.ActiveCfg = Debug|Any CPU
		{44617634-C697-47CB-8842-42F6807400F7}.Debug|Any CPU.Build.0 = Debug|Any CPU
		{44617634-C697-47CB-8842-42F6807400F7}.Release|Any CPU.ActiveCfg = Release|Any CPU
		{44617634-C697-47CB-8842-42F6807400F7}.Release|Any CPU.Build.0 = Release|Any CPU
	EndGlobalSection
	GlobalSection(SolutionProperties) = preSolution
		HideSolutionNode = FALSE
	EndGlobalSection
	GlobalSection(ExtensibilityGlobals) = postSolution
		SolutionGuid = {9D51ED4D-7C2A-47DF-AA55-F7F7C8BD1607}
	EndGlobalSection
EndGlobal
